
Microsoft Visual Studio Solution File, Format Version 12.00
# Visual Studio Version 17
VisualStudioVersion = 17.14.36221.1
MinimumVisualStudioVersion = 10.0.40219.1
Project("{FAE04EC0-301F-11D3-BF4B-00C04F79EFBC}") = "WeaselCodingLessons", "WeaselCodingLessons.csproj", "{55B142E7-C2E7-4709-AC29-69F884E5FFA3}"
EndProject
Project("{FAE04EC0-301F-11D3-BF4B-00C04F79EFBC}") = "Encapsulation", "..\Encapsulation\Encapsulation.csproj", "{81F94BDD-58E6-4A4E-9BE0-44A546CAC3F5}"
EndProject
Project("{FAE04EC0-301F-11D3-BF4B-00C04F79EFBC}") = "Inheritance", "..\Inheritance\Inheritance.csproj", "{48DC4B3B-0E3A-4C5B-BF09-1363BA35CD01}"
EndProject
Project("{FAE04EC0-301F-11D3-BF4B-00C04F79EFBC}") = "Polymorphism", "..\Polymorphism\Polymorphism.csproj", "{482133A4-2CE7-4044-830D-7CF7CE6111D8}"
EndProject
Global
	GlobalSection(SolutionConfigurationPlatforms) = preSolution
		Debug|Any CPU = Debug|Any CPU
		Release|Any CPU = Release|Any CPU
	EndGlobalSection
	GlobalSection(ProjectConfigurationPlatforms) = postSolution
		{55B142E7-C2E7-4709-AC29-69F884E5FFA3}.Debug|Any CPU.ActiveCfg = Debug|Any CPU
		{55B142E7-C2E7-4709-AC29-69F884E5FFA3}.Debug|Any CPU.Build.0 = Debug|Any CPU
		{55B142E7-C2E7-4709-AC29-69F884E5FFA3}.Release|Any CPU.ActiveCfg = Release|Any CPU
		{55B142E7-C2E7-4709-AC29-69F884E5FFA3}.Release|Any CPU.Build.0 = Release|Any CPU
		{81F94BDD-58E6-4A4E-9BE0-44A546CAC3F5}.Debug|Any CPU.ActiveCfg = Debug|Any CPU
		{81F94BDD-58E6-4A4E-9BE0-44A546CAC3F5}.Debug|Any CPU.Build.0 = Debug|Any CPU
		{81F94BDD-58E6-4A4E-9BE0-44A546CAC3F5}.Release|Any CPU.ActiveCfg = Release|Any CPU
		{81F94BDD-58E6-4A4E-9BE0-44A546CAC3F5}.Release|Any CPU.Build.0 = Release|Any CPU
		{48DC4B3B-0E3A-4C5B-BF09-1363BA35CD01}.Debug|Any CPU.ActiveCfg = Debug|Any CPU
		{48DC4B3B-0E3A-4C5B-BF09-1363BA35CD01}.Debug|Any CPU.Build.0 = Debug|Any CPU
		{48DC4B3B-0E3A-4C5B-BF09-1363BA35CD01}.Release|Any CPU.ActiveCfg = Release|Any CPU
		{48DC4B3B-0E3A-4C5B-BF09-1363BA35CD01}.Release|Any CPU.Build.0 = Release|Any CPU
		{482133A4-2CE7-4044-830D-7CF7CE6111D8}.Debug|Any CPU.ActiveCfg = Debug|Any CPU
		{482133A4-2CE7-4044-830D-7CF7CE6111D8}.Debug|Any CPU.Build.0 = Debug|Any CPU
		{482133A4-2CE7-4044-830D-7CF7CE6111D8}.Release|Any CPU.ActiveCfg = Release|Any CPU
		{482133A4-2CE7-4044-830D-7CF7CE6111D8}.Release|Any CPU.Build.0 = Release|Any CPU
	EndGlobalSection
	GlobalSection(SolutionProperties) = preSolution
		HideSolutionNode = FALSE
	EndGlobalSection
	GlobalSection(ExtensibilityGlobals) = postSolution
		SolutionGuid = {93C4DCD8-A268-48A6-92C2-2CFA7BDD84CE}
	EndGlobalSection
EndGlobal
