
Microsoft Visual Studio Solution File, Format Version 12.00
# Visual Studio Version 17
VisualStudioVersion = 17.14.36221.1 d17.14
MinimumVisualStudioVersion = 10.0.40219.1
Project("{FAE04EC0-301F-11D3-BF4B-00C04F79EFBC}") = "TestingGround", "TestingGround.csproj", "{AF971FDE-A305-4290-96C4-D6D082E92980}"
EndProject
Global
	GlobalSection(SolutionConfigurationPlatforms) = preSolution
		Debug|Any CPU = Debug|Any CPU
		Release|Any CPU = Release|Any CPU
	EndGlobalSection
	GlobalSection(ProjectConfigurationPlatforms) = postSolution
		{AF971FDE-A305-4290-96C4-D6D082E92980}.Debug|Any CPU.ActiveCfg = Debug|Any CPU
		{AF971FDE-A305-4290-96C4-D6D082E92980}.Debug|Any CPU.Build.0 = Debug|Any CPU
		{AF971FDE-A305-4290-96C4-D6D082E92980}.Release|Any CPU.ActiveCfg = Release|Any CPU
		{AF971FDE-A305-4290-96C4-D6D082E92980}.Release|Any CPU.Build.0 = Release|Any CPU
	EndGlobalSection
	GlobalSection(SolutionProperties) = preSolution
		HideSolutionNode = FALSE
	EndGlobalSection
	GlobalSection(ExtensibilityGlobals) = postSolution
		SolutionGuid = {B42A10BA-1A7F-49B7-95E1-B79CD9C732A3}
	EndGlobalSection
EndGlobal
